
Microsoft Visual Studio Solution File, Format Version 12.00
# Visual Studio Version 17
VisualStudioVersion = 17.1.32210.238
MinimumVisualStudioVersion = 10.0.40219.1
Project("{FAE04EC0-301F-11D3-BF4B-00C04F79EFBC}") = "modul4_1302200087", "modul4_1302200087\modul4_1302200087.csproj", "{826656B7-E9CE-477E-96DA-EF06E7952E8A}"
EndProject
Global
	GlobalSection(SolutionConfigurationPlatforms) = preSolution
		Debug|Any CPU = Debug|Any CPU
		Release|Any CPU = Release|Any CPU
	EndGlobalSection
	GlobalSection(ProjectConfigurationPlatforms) = postSolution
		{826656B7-E9CE-477E-96DA-EF06E7952E8A}.Debug|Any CPU.ActiveCfg = Debug|Any CPU
		{826656B7-E9CE-477E-96DA-EF06E7952E8A}.Debug|Any CPU.Build.0 = Debug|Any CPU
		{826656B7-E9CE-477E-96DA-EF06E7952E8A}.Release|Any CPU.ActiveCfg = Release|Any CPU
		{826656B7-E9CE-477E-96DA-EF06E7952E8A}.Release|Any CPU.Build.0 = Release|Any CPU
	EndGlobalSection
	GlobalSection(SolutionProperties) = preSolution
		HideSolutionNode = FALSE
	EndGlobalSection
	GlobalSection(ExtensibilityGlobals) = postSolution
		SolutionGuid = {BF2B0DD9-8B8C-4765-B541-7B9875BA4FF3}
	EndGlobalSection
EndGlobal
